
Microsoft Visual Studio Solution File, Format Version 12.00
# Visual Studio Version 17
VisualStudioVersion = 17.5.33627.172
MinimumVisualStudioVersion = 10.0.40219.1
Project("{FAE04EC0-301F-11D3-BF4B-00C04F79EFBC}") = "FloatBinaryAddition", "FloatBinaryAddition\FloatBinaryAddition.csproj", "{063DEE08-88E7-44D2-BDD8-651A7227A072}"
EndProject
Global
	GlobalSection(SolutionConfigurationPlatforms) = preSolution
		Debug|Any CPU = Debug|Any CPU
		Release|Any CPU = Release|Any CPU
	EndGlobalSection
	GlobalSection(ProjectConfigurationPlatforms) = postSolution
		{063DEE08-88E7-44D2-BDD8-651A7227A072}.Debug|Any CPU.ActiveCfg = Debug|Any CPU
		{063DEE08-88E7-44D2-BDD8-651A7227A072}.Debug|Any CPU.Build.0 = Debug|Any CPU
		{063DEE08-88E7-44D2-BDD8-651A7227A072}.Release|Any CPU.ActiveCfg = Release|Any CPU
		{063DEE08-88E7-44D2-BDD8-651A7227A072}.Release|Any CPU.Build.0 = Release|Any CPU
	EndGlobalSection
	GlobalSection(SolutionProperties) = preSolution
		HideSolutionNode = FALSE
	EndGlobalSection
	GlobalSection(ExtensibilityGlobals) = postSolution
		SolutionGuid = {070AB450-2C9C-4581-98B1-A8E4C21151C9}
	EndGlobalSection
EndGlobal
